// !$*UTF8*$!
{
	archiveVersion = 1;
	classes = {
	};
	objectVersion = 46;
	objects = {

/* Begin PBXBuildFile section */
		1C05B9EC1174CC24003585B2 /* SentenceAlignment.cpp in Sources */ = {isa = PBXBuildFile; fileRef = 1C05B9E51174CC24003585B2 /* SentenceAlignment.cpp */; };
		1C05BA161174CEA4003585B2 /* tables-core.cpp in Sources */ = {isa = PBXBuildFile; fileRef = 1CE8CE4B0FC6EAA200924FEA /* tables-core.cpp */; };
		1C05BA171174CEA4003585B2 /* tables-core.h in Sources */ = {isa = PBXBuildFile; fileRef = 1CE8CE4C0FC6EAA200924FEA /* tables-core.h */; };
		1C05BA191174CEC7003585B2 /* SentenceAlignment.cpp in Sources */ = {isa = PBXBuildFile; fileRef = 1C05B9E51174CC24003585B2 /* SentenceAlignment.cpp */; };
		1C05BA1A1174CEC7003585B2 /* SentenceAlignment.h in Sources */ = {isa = PBXBuildFile; fileRef = 1C05B9E61174CC24003585B2 /* SentenceAlignment.h */; };
		1C05BA1B1174CEC7003585B2 /* SentenceAlignmentWithSyntax.cpp in Sources */ = {isa = PBXBuildFile; fileRef = 1C05B9E71174CC24003585B2 /* SentenceAlignmentWithSyntax.cpp */; };
		1C05BA1C1174CEC7003585B2 /* SentenceAlignmentWithSyntax.h in Sources */ = {isa = PBXBuildFile; fileRef = 1C05B9E81174CC24003585B2 /* SentenceAlignmentWithSyntax.h */; };
		1C05BA1D1174CED3003585B2 /* SyntaxTree.cpp in Sources */ = {isa = PBXBuildFile; fileRef = 1C05B9EA1174CC24003585B2 /* SyntaxTree.cpp */; };
		1C05BA1E1174CED3003585B2 /* SyntaxTree.h in Sources */ = {isa = PBXBuildFile; fileRef = 1C05B9EB1174CC24003585B2 /* SyntaxTree.h */; };
		1C05BA211174CEE8003585B2 /* XmlTree.cpp in Sources */ = {isa = PBXBuildFile; fileRef = 1C05BA1F1174CEE8003585B2 /* XmlTree.cpp */; };
		1C05BA221174CEF3003585B2 /* XmlTree.h in Sources */ = {isa = PBXBuildFile; fileRef = 1C05BA201174CEE8003585B2 /* XmlTree.h */; };
		1C05BA251174CF03003585B2 /* Hole.h in Sources */ = {isa = PBXBuildFile; fileRef = 1C05B9DF1174CC06003585B2 /* Hole.h */; };
		1C05BA261174CF03003585B2 /* HoleCollection.cpp in Sources */ = {isa = PBXBuildFile; fileRef = 1C05B9E01174CC06003585B2 /* HoleCollection.cpp */; };
		1C05BA271174CF03003585B2 /* HoleCollection.h in Sources */ = {isa = PBXBuildFile; fileRef = 1C05B9E11174CC06003585B2 /* HoleCollection.h */; };
		1C05BA281174CF10003585B2 /* extract-rules.cpp in Sources */ = {isa = PBXBuildFile; fileRef = 1C05B9DB1174CBF9003585B2 /* extract-rules.cpp */; };
		1C05BA331174CF88003585B2 /* statistics.cpp in Sources */ = {isa = PBXBuildFile; fileRef = 1C05B9E91174CC24003585B2 /* statistics.cpp */; };
		1C05BA351174CF98003585B2 /* AlignmentPhrase.cpp in Sources */ = {isa = PBXBuildFile; fileRef = 1C6A83031111F5A300059E7F /* AlignmentPhrase.cpp */; };
		1C05BA361174CF98003585B2 /* AlignmentPhrase.h in Sources */ = {isa = PBXBuildFile; fileRef = 1C6A83041111F5A300059E7F /* AlignmentPhrase.h */; };
		1C05BA381174CFAD003585B2 /* tables-core.cpp in Sources */ = {isa = PBXBuildFile; fileRef = 1CE8CE4B0FC6EAA200924FEA /* tables-core.cpp */; };
		1C05BA391174CFAD003585B2 /* tables-core.h in Sources */ = {isa = PBXBuildFile; fileRef = 1CE8CE4C0FC6EAA200924FEA /* tables-core.h */; };
		1C475795102B78DD00AB74DB /* score.cpp in Sources */ = {isa = PBXBuildFile; fileRef = 1C475794102B78DD00AB74DB /* score.cpp */; };
		1C4757A8102B797900AB74DB /* tables-core.cpp in Sources */ = {isa = PBXBuildFile; fileRef = 1CE8CE4B0FC6EAA200924FEA /* tables-core.cpp */; };
		1C4757A9102B797900AB74DB /* tables-core.h in Sources */ = {isa = PBXBuildFile; fileRef = 1CE8CE4C0FC6EAA200924FEA /* tables-core.h */; };
		1C6A83051111F5A300059E7F /* AlignmentPhrase.cpp in Sources */ = {isa = PBXBuildFile; fileRef = 1C6A83031111F5A300059E7F /* AlignmentPhrase.cpp */; };
		1CE8CE2E0FC6EA0200924FEA /* extract.cpp in Sources */ = {isa = PBXBuildFile; fileRef = 1CE8CE2C0FC6EA0200924FEA /* extract.cpp */; };
		1CE8CE4D0FC6EAA200924FEA /* tables-core.cpp in Sources */ = {isa = PBXBuildFile; fileRef = 1CE8CE4B0FC6EAA200924FEA /* tables-core.cpp */; };
		1CFE962711762A2A006FF13B /* consolidate.cpp in Sources */ = {isa = PBXBuildFile; fileRef = 1CFE962411762A20006FF13B /* consolidate.cpp */; };
		1CFE962911762A3A006FF13B /* consolidate-direct.cpp in Sources */ = {isa = PBXBuildFile; fileRef = 1CFE962311762A20006FF13B /* consolidate-direct.cpp */; };
		1E2C902D141FDED400EA06A6 /* InputFileStream.cpp in Sources */ = {isa = PBXBuildFile; fileRef = 1EB8A211129C024C00041956 /* InputFileStream.cpp */; };
		1E2C902E141FDF6D00EA06A6 /* tables-core.cpp in Sources */ = {isa = PBXBuildFile; fileRef = 1CE8CE4B0FC6EAA200924FEA /* tables-core.cpp */; };
		1E5B9DC8164DC1F100838CD0 /* ScoreFeature.cpp in Sources */ = {isa = PBXBuildFile; fileRef = 1E5B9DC6164DC1F100838CD0 /* ScoreFeature.cpp */; };
		1E5B9DC9164DC21200838CD0 /* ScoreFeature.cpp in Sources */ = {isa = PBXBuildFile; fileRef = 1E5B9DC6164DC1F100838CD0 /* ScoreFeature.cpp */; };
		1E5B9DCA164DC21200838CD0 /* ScoreFeature.h in Sources */ = {isa = PBXBuildFile; fileRef = 1E5B9DC7164DC1F100838CD0 /* ScoreFeature.h */; };
		1E5B9DCD164DC22800838CD0 /* domain.cpp in Sources */ = {isa = PBXBuildFile; fileRef = 1E5B9DCB164DC22800838CD0 /* domain.cpp */; };
		1E5B9DD2164DC23F00838CD0 /* relax-parse.cpp in Sources */ = {isa = PBXBuildFile; fileRef = 1E5B9DCF164DC23F00838CD0 /* relax-parse.cpp */; };
		1E5B9DD3164DC24C00838CD0 /* domain.cpp in Sources */ = {isa = PBXBuildFile; fileRef = 1E5B9DCB164DC22800838CD0 /* domain.cpp */; };
		1E5B9DD4164DC24C00838CD0 /* domain.h in Sources */ = {isa = PBXBuildFile; fileRef = 1E5B9DCC164DC22800838CD0 /* domain.h */; };
		1E5B9DD5164DC4F400838CD0 /* SyntaxTree.cpp in Sources */ = {isa = PBXBuildFile; fileRef = 1C05B9EA1174CC24003585B2 /* SyntaxTree.cpp */; };
		1E5B9DD6164DC4F400838CD0 /* SyntaxTree.h in Sources */ = {isa = PBXBuildFile; fileRef = 1C05B9EB1174CC24003585B2 /* SyntaxTree.h */; };
		1E5B9DDA164DC55900838CD0 /* XmlTree.cpp in Sources */ = {isa = PBXBuildFile; fileRef = 1C05BA1F1174CEE8003585B2 /* XmlTree.cpp */; };
		1E5B9DDB164DC55900838CD0 /* XmlTree.h in Sources */ = {isa = PBXBuildFile; fileRef = 1C05BA201174CEE8003585B2 /* XmlTree.h */; };
		1E66AB3D155D8068009ABD7C /* OutputFileStream.cpp in Sources */ = {isa = PBXBuildFile; fileRef = 1E671A7E155C22C500119DD9 /* OutputFileStream.cpp */; };
		1E66AB3E155D8068009ABD7C /* OutputFileStream.h in Sources */ = {isa = PBXBuildFile; fileRef = 1E671A7F155C22C500119DD9 /* OutputFileStream.h */; };
		1E66AB40155D8233009ABD7C /* OutputFileStream.cpp in Sources */ = {isa = PBXBuildFile; fileRef = 1E671A7E155C22C500119DD9 /* OutputFileStream.cpp */; };
		1E66AB41155D8233009ABD7C /* OutputFileStream.h in Sources */ = {isa = PBXBuildFile; fileRef = 1E671A7F155C22C500119DD9 /* OutputFileStream.h */; };
		1E671A80155C22C500119DD9 /* OutputFileStream.cpp in Sources */ = {isa = PBXBuildFile; fileRef = 1E671A7E155C22C500119DD9 /* OutputFileStream.cpp */; };
		1E671A82155C234500119DD9 /* OutputFileStream.cpp in Sources */ = {isa = PBXBuildFile; fileRef = 1E671A7E155C22C500119DD9 /* OutputFileStream.cpp */; };
		1E671A83155C234500119DD9 /* OutputFileStream.h in Sources */ = {isa = PBXBuildFile; fileRef = 1E671A7F155C22C500119DD9 /* OutputFileStream.h */; };
		1E9B03A8159F58CC00E91032 /* OutputFileStream.cpp in Sources */ = {isa = PBXBuildFile; fileRef = 1E671A7E155C22C500119DD9 /* OutputFileStream.cpp */; };
		1E9B03A9159F58CC00E91032 /* OutputFileStream.h in Sources */ = {isa = PBXBuildFile; fileRef = 1E671A7F155C22C500119DD9 /* OutputFileStream.h */; };
		1EB1C8321200D5C00079FCBB /* PhraseAlignment.cpp in Sources */ = {isa = PBXBuildFile; fileRef = 1EB1C8311200D5C00079FCBB /* PhraseAlignment.cpp */; };
		1EB29A3B1511C253005BC4BA /* InputFileStream.cpp in Sources */ = {isa = PBXBuildFile; fileRef = 1EB8A211129C024C00041956 /* InputFileStream.cpp */; };
		1EB29A3C1511C253005BC4BA /* InputFileStream.h in Sources */ = {isa = PBXBuildFile; fileRef = 1EB8A210129C024C00041956 /* InputFileStream.h */; };
		1EB29A3E1511C2D9005BC4BA /* InputFileStream.cpp in Sources */ = {isa = PBXBuildFile; fileRef = 1EB8A211129C024C00041956 /* InputFileStream.cpp */; };
		1EB29A3F1511C2D9005BC4BA /* InputFileStream.h in Sources */ = {isa = PBXBuildFile; fileRef = 1EB8A210129C024C00041956 /* InputFileStream.h */; };
		1EB8A212129C024C00041956 /* InputFileStream.cpp in Sources */ = {isa = PBXBuildFile; fileRef = 1EB8A211129C024C00041956 /* InputFileStream.cpp */; };
		1EB8A261129C04C700041956 /* InputFileStream.cpp in Sources */ = {isa = PBXBuildFile; fileRef = 1EB8A211129C024C00041956 /* InputFileStream.cpp */; };
		1EB8A297129C06A300041956 /* gzfilebuf.h in Sources */ = {isa = PBXBuildFile; fileRef = 1EB8A20C129C022000041956 /* gzfilebuf.h */; };
		1EB8A29A129C06B300041956 /* gzfilebuf.h in Sources */ = {isa = PBXBuildFile; fileRef = 1EB8A20C129C022000041956 /* gzfilebuf.h */; };
		1EB8A29B129C06B300041956 /* InputFileStream.h in Sources */ = {isa = PBXBuildFile; fileRef = 1EB8A210129C024C00041956 /* InputFileStream.h */; };
		1EB8A29C129C06B300041956 /* InputFileStream.cpp in Sources */ = {isa = PBXBuildFile; fileRef = 1EB8A211129C024C00041956 /* InputFileStream.cpp */; };
		1ED896C3141FFDF500F43F46 /* ExtractedRule.cpp in Sources */ = {isa = PBXBuildFile; fileRef = 1ED896C2141FFDF500F43F46 /* ExtractedRule.cpp */; };
/* End PBXBuildFile section */

/* Begin PBXCopyFilesBuildPhase section */
		8DD76F690486A84900D96B5E /* CopyFiles */ = {
			isa = PBXCopyFilesBuildPhase;
			buildActionMask = 8;
			dstPath = /usr/share/man/man1/;
			dstSubfolderSpec = 0;
			files = (
			);
			runOnlyForDeploymentPostprocessing = 1;
		};
/* End PBXCopyFilesBuildPhase section */

/* Begin PBXFileReference section */
		1C05B9DB1174CBF9003585B2 /* extract-rules.cpp */ = {isa = PBXFileReference; fileEncoding = 4; lastKnownFileType = sourcecode.cpp.cpp; path = "extract-rules.cpp"; sourceTree = "<group>"; };
		1C05B9DD1174CC06003585B2 /* ExtractedRule.h */ = {isa = PBXFileReference; fileEncoding = 4; lastKnownFileType = sourcecode.c.h; path = ExtractedRule.h; sourceTree = "<group>"; };
		1C05B9DE1174CC06003585B2 /* hierarchical.h */ = {isa = PBXFileReference; fileEncoding = 4; lastKnownFileType = sourcecode.c.h; path = hierarchical.h; sourceTree = "<group>"; };
		1C05B9DF1174CC06003585B2 /* Hole.h */ = {isa = PBXFileReference; fileEncoding = 4; lastKnownFileType = sourcecode.c.h; path = Hole.h; sourceTree = "<group>"; };
		1C05B9E01174CC06003585B2 /* HoleCollection.cpp */ = {isa = PBXFileReference; fileEncoding = 4; lastKnownFileType = sourcecode.cpp.cpp; path = HoleCollection.cpp; sourceTree = "<group>"; };
		1C05B9E11174CC06003585B2 /* HoleCollection.h */ = {isa = PBXFileReference; fileEncoding = 4; lastKnownFileType = sourcecode.c.h; path = HoleCollection.h; sourceTree = "<group>"; };
		1C05B9E31174CC24003585B2 /* RuleExist.h */ = {isa = PBXFileReference; fileEncoding = 4; lastKnownFileType = sourcecode.c.h; path = RuleExist.h; sourceTree = "<group>"; };
		1C05B9E41174CC24003585B2 /* RuleExtractionOptions.h */ = {isa = PBXFileReference; fileEncoding = 4; lastKnownFileType = sourcecode.c.h; path = RuleExtractionOptions.h; sourceTree = "<group>"; };
		1C05B9E51174CC24003585B2 /* SentenceAlignment.cpp */ = {isa = PBXFileReference; fileEncoding = 4; lastKnownFileType = sourcecode.cpp.cpp; path = SentenceAlignment.cpp; sourceTree = "<group>"; };
		1C05B9E61174CC24003585B2 /* SentenceAlignment.h */ = {isa = PBXFileReference; fileEncoding = 4; lastKnownFileType = sourcecode.c.h; path = SentenceAlignment.h; sourceTree = "<group>"; };
		1C05B9E71174CC24003585B2 /* SentenceAlignmentWithSyntax.cpp */ = {isa = PBXFileReference; fileEncoding = 4; lastKnownFileType = sourcecode.cpp.cpp; path = SentenceAlignmentWithSyntax.cpp; sourceTree = "<group>"; };
		1C05B9E81174CC24003585B2 /* SentenceAlignmentWithSyntax.h */ = {isa = PBXFileReference; fileEncoding = 4; lastKnownFileType = sourcecode.c.h; path = SentenceAlignmentWithSyntax.h; sourceTree = "<group>"; };
		1C05B9E91174CC24003585B2 /* statistics.cpp */ = {isa = PBXFileReference; fileEncoding = 4; lastKnownFileType = sourcecode.cpp.cpp; path = statistics.cpp; sourceTree = "<group>"; };
		1C05B9EA1174CC24003585B2 /* SyntaxTree.cpp */ = {isa = PBXFileReference; fileEncoding = 4; lastKnownFileType = sourcecode.cpp.cpp; path = SyntaxTree.cpp; sourceTree = "<group>"; };
		1C05B9EB1174CC24003585B2 /* SyntaxTree.h */ = {isa = PBXFileReference; fileEncoding = 4; lastKnownFileType = sourcecode.c.h; path = SyntaxTree.h; sourceTree = "<group>"; };
		1C05BA1F1174CEE8003585B2 /* XmlTree.cpp */ = {isa = PBXFileReference; fileEncoding = 4; lastKnownFileType = sourcecode.cpp.cpp; path = XmlTree.cpp; sourceTree = "<group>"; };
		1C05BA201174CEE8003585B2 /* XmlTree.h */ = {isa = PBXFileReference; fileEncoding = 4; lastKnownFileType = sourcecode.c.h; path = XmlTree.h; sourceTree = "<group>"; };
		1C475794102B78DD00AB74DB /* score.cpp */ = {isa = PBXFileReference; fileEncoding = 4; lastKnownFileType = sourcecode.cpp.cpp; path = score.cpp; sourceTree = "<group>"; };
		1C6A83031111F5A300059E7F /* AlignmentPhrase.cpp */ = {isa = PBXFileReference; fileEncoding = 4; lastKnownFileType = sourcecode.cpp.cpp; path = AlignmentPhrase.cpp; sourceTree = "<group>"; };
		1C6A83041111F5A300059E7F /* AlignmentPhrase.h */ = {isa = PBXFileReference; fileEncoding = 4; lastKnownFileType = sourcecode.c.h; path = AlignmentPhrase.h; sourceTree = "<group>"; };
		1CE8CE2C0FC6EA0200924FEA /* extract.cpp */ = {isa = PBXFileReference; fileEncoding = 4; lastKnownFileType = sourcecode.cpp.cpp; path = extract.cpp; sourceTree = "<group>"; };
		1CE8CE4B0FC6EAA200924FEA /* tables-core.cpp */ = {isa = PBXFileReference; fileEncoding = 4; lastKnownFileType = sourcecode.cpp.cpp; path = "tables-core.cpp"; sourceTree = "<group>"; };
		1CE8CE4C0FC6EAA200924FEA /* tables-core.h */ = {isa = PBXFileReference; fileEncoding = 4; lastKnownFileType = sourcecode.c.h; path = "tables-core.h"; sourceTree = "<group>"; };
		1CFE962311762A20006FF13B /* consolidate-direct.cpp */ = {isa = PBXFileReference; fileEncoding = 4; lastKnownFileType = sourcecode.cpp.cpp; path = "consolidate-direct.cpp"; sourceTree = "<group>"; };
		1CFE962411762A20006FF13B /* consolidate.cpp */ = {isa = PBXFileReference; fileEncoding = 4; lastKnownFileType = sourcecode.cpp.cpp; path = consolidate.cpp; sourceTree = "<group>"; };
		1E3EF29E13DBEAF300C1D54A /* extract-lex.cpp */ = {isa = PBXFileReference; fileEncoding = 4; lastKnownFileType = sourcecode.cpp.cpp; path = "extract-lex.cpp"; sourceTree = "<group>"; };
		1E3EF29F13DBEAF300C1D54A /* extract-lex.h */ = {isa = PBXFileReference; fileEncoding = 4; lastKnownFileType = sourcecode.c.h; path = "extract-lex.h"; sourceTree = "<group>"; };
		1E5B9DC6164DC1F100838CD0 /* ScoreFeature.cpp */ = {isa = PBXFileReference; fileEncoding = 4; lastKnownFileType = sourcecode.cpp.cpp; path = ScoreFeature.cpp; sourceTree = "<group>"; };
		1E5B9DC7164DC1F100838CD0 /* ScoreFeature.h */ = {isa = PBXFileReference; fileEncoding = 4; lastKnownFileType = sourcecode.c.h; path = ScoreFeature.h; sourceTree = "<group>"; };
		1E5B9DCB164DC22800838CD0 /* domain.cpp */ = {isa = PBXFileReference; fileEncoding = 4; lastKnownFileType = sourcecode.cpp.cpp; path = domain.cpp; sourceTree = "<group>"; };
		1E5B9DCC164DC22800838CD0 /* domain.h */ = {isa = PBXFileReference; fileEncoding = 4; lastKnownFileType = sourcecode.c.h; path = domain.h; sourceTree = "<group>"; };
		1E5B9DCE164DC23F00838CD0 /* PhraseExtractionOptions.h */ = {isa = PBXFileReference; fileEncoding = 4; lastKnownFileType = sourcecode.c.h; path = PhraseExtractionOptions.h; sourceTree = "<group>"; };
		1E5B9DCF164DC23F00838CD0 /* relax-parse.cpp */ = {isa = PBXFileReference; fileEncoding = 4; lastKnownFileType = sourcecode.cpp.cpp; path = "relax-parse.cpp"; sourceTree = "<group>"; };
		1E5B9DD0164DC23F00838CD0 /* relax-parse.h */ = {isa = PBXFileReference; fileEncoding = 4; lastKnownFileType = sourcecode.c.h; path = "relax-parse.h"; sourceTree = "<group>"; };
		1E5B9DD1164DC23F00838CD0 /* SafeGetline.h */ = {isa = PBXFileReference; fileEncoding = 4; lastKnownFileType = sourcecode.c.h; path = SafeGetline.h; sourceTree = "<group>"; };
		1E671A7E155C22C500119DD9 /* OutputFileStream.cpp */ = {isa = PBXFileReference; fileEncoding = 4; lastKnownFileType = sourcecode.cpp.cpp; path = OutputFileStream.cpp; sourceTree = "<group>"; };
		1E671A7F155C22C500119DD9 /* OutputFileStream.h */ = {isa = PBXFileReference; fileEncoding = 4; lastKnownFileType = sourcecode.c.h; path = OutputFileStream.h; sourceTree = "<group>"; };
		1E7C2CF611F1146200213451 /* extract */ = {isa = PBXFileReference; explicitFileType = "compiled.mach-o.executable"; includeInIndex = 0; path = extract; sourceTree = BUILT_PRODUCTS_DIR; };
		1E7C2CF811F1146200213451 /* score */ = {isa = PBXFileReference; explicitFileType = "compiled.mach-o.executable"; includeInIndex = 0; path = score; sourceTree = BUILT_PRODUCTS_DIR; };
		1E7C2CFA11F1146300213451 /* consolidate */ = {isa = PBXFileReference; explicitFileType = "compiled.mach-o.executable"; includeInIndex = 0; path = consolidate; sourceTree = BUILT_PRODUCTS_DIR; };
		1E7C2CFC11F1146300213451 /* consolidate-direct */ = {isa = PBXFileReference; explicitFileType = "compiled.mach-o.executable"; includeInIndex = 0; path = "consolidate-direct"; sourceTree = BUILT_PRODUCTS_DIR; };
		1E7C2CFE11F1146300213451 /* extract-rules */ = {isa = PBXFileReference; explicitFileType = "compiled.mach-o.executable"; includeInIndex = 0; path = "extract-rules"; sourceTree = BUILT_PRODUCTS_DIR; };
		1E7C2D0011F1146300213451 /* statistics */ = {isa = PBXFileReference; explicitFileType = "compiled.mach-o.executable"; includeInIndex = 0; path = statistics; sourceTree = BUILT_PRODUCTS_DIR; };
		1E9B03A4159E70A100E91032 /* consolidate-reverse.cpp */ = {isa = PBXFileReference; fileEncoding = 4; lastKnownFileType = sourcecode.cpp.cpp; path = "consolidate-reverse.cpp"; sourceTree = "<group>"; };
		1E9B03A5159E70A100E91032 /* XmlException.h */ = {isa = PBXFileReference; fileEncoding = 4; lastKnownFileType = sourcecode.c.h; path = XmlException.h; sourceTree = "<group>"; };
		1EB1C8301200D5C00079FCBB /* PhraseAlignment.h */ = {isa = PBXFileReference; fileEncoding = 4; lastKnownFileType = sourcecode.c.h; path = PhraseAlignment.h; sourceTree = "<group>"; };
		1EB1C8311200D5C00079FCBB /* PhraseAlignment.cpp */ = {isa = PBXFileReference; fileEncoding = 4; lastKnownFileType = sourcecode.cpp.cpp; path = PhraseAlignment.cpp; sourceTree = "<group>"; };
		1EB1C8491200D77E0079FCBB /* score.h */ = {isa = PBXFileReference; fileEncoding = 4; lastKnownFileType = sourcecode.c.h; path = score.h; sourceTree = "<group>"; };
		1EB8A20C129C022000041956 /* gzfilebuf.h */ = {isa = PBXFileReference; fileEncoding = 4; lastKnownFileType = sourcecode.c.h; path = gzfilebuf.h; sourceTree = "<group>"; };
		1EB8A210129C024C00041956 /* InputFileStream.h */ = {isa = PBXFileReference; fileEncoding = 4; lastKnownFileType = sourcecode.c.h; path = InputFileStream.h; sourceTree = "<group>"; };
		1EB8A211129C024C00041956 /* InputFileStream.cpp */ = {isa = PBXFileReference; fileEncoding = 4; lastKnownFileType = sourcecode.cpp.cpp; path = InputFileStream.cpp; sourceTree = "<group>"; };
		1ED896C2141FFDF500F43F46 /* ExtractedRule.cpp */ = {isa = PBXFileReference; fileEncoding = 4; lastKnownFileType = sourcecode.cpp.cpp; path = ExtractedRule.cpp; sourceTree = "<group>"; };
/* End PBXFileReference section */

/* Begin PBXFrameworksBuildPhase section */
		1C05B9F51174CE51003585B2 /* Frameworks */ = {
			isa = PBXFrameworksBuildPhase;
			buildActionMask = 2147483647;
			files = (
			);
			runOnlyForDeploymentPostprocessing = 0;
		};
		1C05BA2C1174CF6C003585B2 /* Frameworks */ = {
			isa = PBXFrameworksBuildPhase;
			buildActionMask = 2147483647;
			files = (
			);
			runOnlyForDeploymentPostprocessing = 0;
		};
		1C47578D102B78AD00AB74DB /* Frameworks */ = {
			isa = PBXFrameworksBuildPhase;
			buildActionMask = 2147483647;
			files = (
			);
			runOnlyForDeploymentPostprocessing = 0;
		};
		1C4757C2102B7EAA00AB74DB /* Frameworks */ = {
			isa = PBXFrameworksBuildPhase;
			buildActionMask = 2147483647;
			files = (
			);
			runOnlyForDeploymentPostprocessing = 0;
		};
		1CF9F718108C9FE700EABCE5 /* Frameworks */ = {
			isa = PBXFrameworksBuildPhase;
			buildActionMask = 2147483647;
			files = (
			);
			runOnlyForDeploymentPostprocessing = 0;
		};
		8DD76F660486A84900D96B5E /* Frameworks */ = {
			isa = PBXFrameworksBuildPhase;
			buildActionMask = 2147483647;
			files = (
			);
			runOnlyForDeploymentPostprocessing = 0;
		};
/* End PBXFrameworksBuildPhase section */

/* Begin PBXGroup section */
		08FB7794FE84155DC02AAC07 /* extract */ = {
			isa = PBXGroup;
			children = (
				08FB7795FE84155DC02AAC07 /* Source */,
				C6859E8C029090F304C91782 /* Documentation */,
				1AB674ADFE9D54B511CA2CBB /* Products */,
			);
			name = extract;
			sourceTree = "<group>";
		};
		08FB7795FE84155DC02AAC07 /* Source */ = {
			isa = PBXGroup;
			children = (
				1E5B9DCE164DC23F00838CD0 /* PhraseExtractionOptions.h */,
				1E5B9DCF164DC23F00838CD0 /* relax-parse.cpp */,
				1E5B9DD0164DC23F00838CD0 /* relax-parse.h */,
				1E5B9DD1164DC23F00838CD0 /* SafeGetline.h */,
				1E5B9DCB164DC22800838CD0 /* domain.cpp */,
				1E5B9DCC164DC22800838CD0 /* domain.h */,
				1E5B9DC6164DC1F100838CD0 /* ScoreFeature.cpp */,
				1E5B9DC7164DC1F100838CD0 /* ScoreFeature.h */,
				1E9B03A4159E70A100E91032 /* consolidate-reverse.cpp */,
				1E9B03A5159E70A100E91032 /* XmlException.h */,
				1E671A7E155C22C500119DD9 /* OutputFileStream.cpp */,
				1E671A7F155C22C500119DD9 /* OutputFileStream.h */,
				1E3EF29E13DBEAF300C1D54A /* extract-lex.cpp */,
				1E3EF29F13DBEAF300C1D54A /* extract-lex.h */,
				1C6A83031111F5A300059E7F /* AlignmentPhrase.cpp */,
				1C6A83041111F5A300059E7F /* AlignmentPhrase.h */,
				1CFE962311762A20006FF13B /* consolidate-direct.cpp */,
				1CFE962411762A20006FF13B /* consolidate.cpp */,
				1C05B9DB1174CBF9003585B2 /* extract-rules.cpp */,
				1CE8CE2C0FC6EA0200924FEA /* extract.cpp */,
				1C05B9DD1174CC06003585B2 /* ExtractedRule.h */,
				1ED896C2141FFDF500F43F46 /* ExtractedRule.cpp */,
				1C05B9DE1174CC06003585B2 /* hierarchical.h */,
				1C05B9DF1174CC06003585B2 /* Hole.h */,
				1C05B9E01174CC06003585B2 /* HoleCollection.cpp */,
				1C05B9E11174CC06003585B2 /* HoleCollection.h */,
				1EB1C8311200D5C00079FCBB /* PhraseAlignment.cpp */,
				1EB1C8301200D5C00079FCBB /* PhraseAlignment.h */,
				1C05B9E31174CC24003585B2 /* RuleExist.h */,
				1C05B9E41174CC24003585B2 /* RuleExtractionOptions.h */,
				1C475794102B78DD00AB74DB /* score.cpp */,
				1EB1C8491200D77E0079FCBB /* score.h */,
				1C05B9E51174CC24003585B2 /* SentenceAlignment.cpp */,
				1C05B9E61174CC24003585B2 /* SentenceAlignment.h */,
				1C05B9E71174CC24003585B2 /* SentenceAlignmentWithSyntax.cpp */,
				1C05B9E81174CC24003585B2 /* SentenceAlignmentWithSyntax.h */,
				1C05B9E91174CC24003585B2 /* statistics.cpp */,
				1C05B9EA1174CC24003585B2 /* SyntaxTree.cpp */,
				1C05B9EB1174CC24003585B2 /* SyntaxTree.h */,
				1CE8CE4B0FC6EAA200924FEA /* tables-core.cpp */,
				1CE8CE4C0FC6EAA200924FEA /* tables-core.h */,
				1C05BA1F1174CEE8003585B2 /* XmlTree.cpp */,
				1C05BA201174CEE8003585B2 /* XmlTree.h */,
				1EB8A20C129C022000041956 /* gzfilebuf.h */,
				1EB8A211129C024C00041956 /* InputFileStream.cpp */,
				1EB8A210129C024C00041956 /* InputFileStream.h */,
			);
			name = Source;
			sourceTree = "<group>";
		};
		1AB674ADFE9D54B511CA2CBB /* Products */ = {
			isa = PBXGroup;
			children = (
				1E7C2CF611F1146200213451 /* extract */,
				1E7C2CF811F1146200213451 /* score */,
				1E7C2CFA11F1146300213451 /* consolidate */,
				1E7C2CFC11F1146300213451 /* consolidate-direct */,
				1E7C2CFE11F1146300213451 /* extract-rules */,
				1E7C2D0011F1146300213451 /* statistics */,
			);
			name = Products;
			sourceTree = "<group>";
		};
		C6859E8C029090F304C91782 /* Documentation */ = {
			isa = PBXGroup;
			children = (
			);
			name = Documentation;
			sourceTree = "<group>";
		};
/* End PBXGroup section */

/* Begin PBXNativeTarget section */
		1C05B9F61174CE51003585B2 /* extract-rules */ = {
			isa = PBXNativeTarget;
			buildConfigurationList = 1C05BA151174CE58003585B2 /* Build configuration list for PBXNativeTarget "extract-rules" */;
			buildPhases = (
				1C05B9F41174CE51003585B2 /* Sources */,
				1C05B9F51174CE51003585B2 /* Frameworks */,
			);
			buildRules = (
			);
			dependencies = (
			);
			name = "extract-rules";
			productName = "extract-rules";
			productReference = 1E7C2CFE11F1146300213451 /* extract-rules */;
			productType = "com.apple.product-type.tool";
		};
		1C05BA2D1174CF6C003585B2 /* statistics */ = {
			isa = PBXNativeTarget;
			buildConfigurationList = 1C05BA561174CFB7003585B2 /* Build configuration list for PBXNativeTarget "statistics" */;
			buildPhases = (
				1C05BA2B1174CF6C003585B2 /* Sources */,
				1C05BA2C1174CF6C003585B2 /* Frameworks */,
			);
			buildRules = (
			);
			dependencies = (
			);
			name = statistics;
			productName = statistics;
			productReference = 1E7C2D0011F1146300213451 /* statistics */;
			productType = "com.apple.product-type.tool";
		};
		1C47578E102B78AD00AB74DB /* score */ = {
			isa = PBXNativeTarget;
			buildConfigurationList = 1C475796102B78DD00AB74DB /* Build configuration list for PBXNativeTarget "score" */;
			buildPhases = (
				1C47578C102B78AD00AB74DB /* Sources */,
				1C47578D102B78AD00AB74DB /* Frameworks */,
			);
			buildRules = (
			);
			dependencies = (
			);
			name = score;
			productName = score;
			productReference = 1E7C2CF811F1146200213451 /* score */;
			productType = "com.apple.product-type.tool";
		};
		1C4757C3102B7EAA00AB74DB /* consolidate */ = {
			isa = PBXNativeTarget;
			buildConfigurationList = 1C4757CB102B7EC600AB74DB /* Build configuration list for PBXNativeTarget "consolidate" */;
			buildPhases = (
				1C4757C1102B7EAA00AB74DB /* Sources */,
				1C4757C2102B7EAA00AB74DB /* Frameworks */,
			);
			buildRules = (
			);
			dependencies = (
			);
			name = consolidate;
			productName = consolidate;
			productReference = 1E7C2CFA11F1146300213451 /* consolidate */;
			productType = "com.apple.product-type.tool";
		};
		1CF9F719108C9FE700EABCE5 /* consolidate-direct */ = {
			isa = PBXNativeTarget;
			buildConfigurationList = 1CF9F729108CA01F00EABCE5 /* Build configuration list for PBXNativeTarget "consolidate-direct" */;
			buildPhases = (
				1CF9F717108C9FE700EABCE5 /* Sources */,
				1CF9F718108C9FE700EABCE5 /* Frameworks */,
			);
			buildRules = (
			);
			dependencies = (
			);
			name = "consolidate-direct";
			productName = "consolidate-direct";
			productReference = 1E7C2CFC11F1146300213451 /* consolidate-direct */;
			productType = "com.apple.product-type.tool";
		};
		8DD76F620486A84900D96B5E /* extract */ = {
			isa = PBXNativeTarget;
			buildConfigurationList = 1DEB923108733DC60010E9CD /* Build configuration list for PBXNativeTarget "extract" */;
			buildPhases = (
				8DD76F640486A84900D96B5E /* Sources */,
				8DD76F660486A84900D96B5E /* Frameworks */,
				8DD76F690486A84900D96B5E /* CopyFiles */,
			);
			buildRules = (
			);
			dependencies = (
			);
			name = extract;
			productInstallPath = "$(HOME)/bin";
			productName = extract;
			productReference = 1E7C2CF611F1146200213451 /* extract */;
			productType = "com.apple.product-type.tool";
		};
/* End PBXNativeTarget section */

/* Begin PBXProject section */
		08FB7793FE84155DC02AAC07 /* Project object */ = {
			isa = PBXProject;
			attributes = {
				LastUpgradeCheck = 0410;
			};
			buildConfigurationList = 1DEB923508733DC60010E9CD /* Build configuration list for PBXProject "extract" */;
			compatibilityVersion = "Xcode 3.2";
			developmentRegion = English;
			hasScannedForEncodings = 1;
			knownRegions = (
				English,
				Japanese,
				French,
				German,
			);
			mainGroup = 08FB7794FE84155DC02AAC07 /* extract */;
			projectDirPath = "";
			projectRoot = "";
			targets = (
				8DD76F620486A84900D96B5E /* extract */,
				1C47578E102B78AD00AB74DB /* score */,
				1C4757C3102B7EAA00AB74DB /* consolidate */,
				1CF9F719108C9FE700EABCE5 /* consolidate-direct */,
				1C05B9F61174CE51003585B2 /* extract-rules */,
				1C05BA2D1174CF6C003585B2 /* statistics */,
			);
		};
/* End PBXProject section */

/* Begin PBXSourcesBuildPhase section */
		1C05B9F41174CE51003585B2 /* Sources */ = {
			isa = PBXSourcesBuildPhase;
			buildActionMask = 2147483647;
			files = (
				1E66AB3D155D8068009ABD7C /* OutputFileStream.cpp in Sources */,
				1E66AB3E155D8068009ABD7C /* OutputFileStream.h in Sources */,
				1EB29A3B1511C253005BC4BA /* InputFileStream.cpp in Sources */,
				1EB29A3C1511C253005BC4BA /* InputFileStream.h in Sources */,
				1C05BA281174CF10003585B2 /* extract-rules.cpp in Sources */,
				1C05BA251174CF03003585B2 /* Hole.h in Sources */,
				1C05BA261174CF03003585B2 /* HoleCollection.cpp in Sources */,
				1C05BA271174CF03003585B2 /* HoleCollection.h in Sources */,
				1C05BA211174CEE8003585B2 /* XmlTree.cpp in Sources */,
				1C05BA221174CEF3003585B2 /* XmlTree.h in Sources */,
				1C05BA1D1174CED3003585B2 /* SyntaxTree.cpp in Sources */,
				1C05BA1E1174CED3003585B2 /* SyntaxTree.h in Sources */,
				1C05BA191174CEC7003585B2 /* SentenceAlignment.cpp in Sources */,
				1C05BA1A1174CEC7003585B2 /* SentenceAlignment.h in Sources */,
				1C05BA1B1174CEC7003585B2 /* SentenceAlignmentWithSyntax.cpp in Sources */,
				1C05BA1C1174CEC7003585B2 /* SentenceAlignmentWithSyntax.h in Sources */,
				1C05BA161174CEA4003585B2 /* tables-core.cpp in Sources */,
				1C05BA171174CEA4003585B2 /* tables-core.h in Sources */,
				1ED896C3141FFDF500F43F46 /* ExtractedRule.cpp in Sources */,
			);
			runOnlyForDeploymentPostprocessing = 0;
		};
		1C05BA2B1174CF6C003585B2 /* Sources */ = {
			isa = PBXSourcesBuildPhase;
			buildActionMask = 2147483647;
			files = (
				1EB29A3E1511C2D9005BC4BA /* InputFileStream.cpp in Sources */,
				1EB29A3F1511C2D9005BC4BA /* InputFileStream.h in Sources */,
				1C05BA381174CFAD003585B2 /* tables-core.cpp in Sources */,
				1C05BA391174CFAD003585B2 /* tables-core.h in Sources */,
				1C05BA351174CF98003585B2 /* AlignmentPhrase.cpp in Sources */,
				1C05BA361174CF98003585B2 /* AlignmentPhrase.h in Sources */,
				1C05BA331174CF88003585B2 /* statistics.cpp in Sources */,
			);
			runOnlyForDeploymentPostprocessing = 0;
		};
		1C47578C102B78AD00AB74DB /* Sources */ = {
			isa = PBXSourcesBuildPhase;
			buildActionMask = 2147483647;
			files = (
				1E5B9DD3164DC24C00838CD0 /* domain.cpp in Sources */,
				1E5B9DD4164DC24C00838CD0 /* domain.h in Sources */,
				1E5B9DC9164DC21200838CD0 /* ScoreFeature.cpp in Sources */,
				1E5B9DCA164DC21200838CD0 /* ScoreFeature.h in Sources */,
				1E671A82155C234500119DD9 /* OutputFileStream.cpp in Sources */,
				1E671A83155C234500119DD9 /* OutputFileStream.h in Sources */,
				1EB8A29A129C06B300041956 /* gzfilebuf.h in Sources */,
				1EB8A29B129C06B300041956 /* InputFileStream.h in Sources */,
				1EB8A29C129C06B300041956 /* InputFileStream.cpp in Sources */,
				1C4757A8102B797900AB74DB /* tables-core.cpp in Sources */,
				1C4757A9102B797900AB74DB /* tables-core.h in Sources */,
				1C475795102B78DD00AB74DB /* score.cpp in Sources */,
				1C6A83051111F5A300059E7F /* AlignmentPhrase.cpp in Sources */,
				1EB1C8321200D5C00079FCBB /* PhraseAlignment.cpp in Sources */,
			);
			runOnlyForDeploymentPostprocessing = 0;
		};
		1C4757C1102B7EAA00AB74DB /* Sources */ = {
			isa = PBXSourcesBuildPhase;
			buildActionMask = 2147483647;
			files = (
				1E66AB40155D8233009ABD7C /* OutputFileStream.cpp in Sources */,
				1E66AB41155D8233009ABD7C /* OutputFileStream.h in Sources */,
				1E2C902E141FDF6D00EA06A6 /* tables-core.cpp in Sources */,
				1E2C902D141FDED400EA06A6 /* InputFileStream.cpp in Sources */,
				1CFE962711762A2A006FF13B /* consolidate.cpp in Sources */,
			);
			runOnlyForDeploymentPostprocessing = 0;
		};
		1CF9F717108C9FE700EABCE5 /* Sources */ = {
			isa = PBXSourcesBuildPhase;
			buildActionMask = 2147483647;
			files = (
				1E9B03A8159F58CC00E91032 /* OutputFileStream.cpp in Sources */,
				1E9B03A9159F58CC00E91032 /* OutputFileStream.h in Sources */,
				1EB8A297129C06A300041956 /* gzfilebuf.h in Sources */,
				1EB8A261129C04C700041956 /* InputFileStream.cpp in Sources */,
				1CFE962911762A3A006FF13B /* consolidate-direct.cpp in Sources */,
			);
			runOnlyForDeploymentPostprocessing = 0;
		};
		8DD76F640486A84900D96B5E /* Sources */ = {
			isa = PBXSourcesBuildPhase;
			buildActionMask = 2147483647;
			files = (
				1E5B9DDA164DC55900838CD0 /* XmlTree.cpp in Sources */,
				1E5B9DDB164DC55900838CD0 /* XmlTree.h in Sources */,
				1E5B9DD5164DC4F400838CD0 /* SyntaxTree.cpp in Sources */,
				1E5B9DD6164DC4F400838CD0 /* SyntaxTree.h in Sources */,
				1CE8CE2E0FC6EA0200924FEA /* extract.cpp in Sources */,
				1CE8CE4D0FC6EAA200924FEA /* tables-core.cpp in Sources */,
				1C05B9EC1174CC24003585B2 /* SentenceAlignment.cpp in Sources */,
				1EB8A212129C024C00041956 /* InputFileStream.cpp in Sources */,
				1E671A80155C22C500119DD9 /* OutputFileStream.cpp in Sources */,
				1E5B9DC8164DC1F100838CD0 /* ScoreFeature.cpp in Sources */,
				1E5B9DCD164DC22800838CD0 /* domain.cpp in Sources */,
				1E5B9DD2164DC23F00838CD0 /* relax-parse.cpp in Sources */,
			);
			runOnlyForDeploymentPostprocessing = 0;
		};
/* End PBXSourcesBuildPhase section */

/* Begin XCBuildConfiguration section */
		1C05B9F91174CE52003585B2 /* Debug */ = {
			isa = XCBuildConfiguration;
			buildSettings = {
				ALWAYS_SEARCH_USER_PATHS = NO;
				ARCHS = "$(ARCHS_STANDARD_64_BIT)";
				COPY_PHASE_STRIP = NO;
				GCC_DYNAMIC_NO_PIC = NO;
				GCC_MODEL_TUNING = G5;
				GCC_OPTIMIZATION_LEVEL = 0;
				INSTALL_PATH = /usr/local/bin;
				OTHER_LDFLAGS = (
					"-lz",
					"-lboost_iostreams-mt",
				);
				PRODUCT_NAME = "extract-rules";
				SDKROOT = "";
			};
			name = Debug;
		};
		1C05B9FA1174CE52003585B2 /* Release */ = {
			isa = XCBuildConfiguration;
			buildSettings = {
				ALWAYS_SEARCH_USER_PATHS = NO;
				ARCHS = "$(ARCHS_STANDARD_64_BIT)";
				COPY_PHASE_STRIP = YES;
				DEBUG_INFORMATION_FORMAT = "dwarf-with-dsym";
				GCC_MODEL_TUNING = G5;
				INSTALL_PATH = /usr/local/bin;
				ONLY_ACTIVE_ARCH = YES;
				OTHER_LDFLAGS = (
					"-lz",
					"-lboost_iostreams-mt",
				);
				PRODUCT_NAME = "extract-rules";
				SDKROOT = "";
				ZERO_LINK = NO;
			};
			name = Release;
		};
		1C05BA301174CF6C003585B2 /* Debug */ = {
			isa = XCBuildConfiguration;
			buildSettings = {
				ALWAYS_SEARCH_USER_PATHS = NO;
				ARCHS = "$(ARCHS_STANDARD_64_BIT)";
				COPY_PHASE_STRIP = NO;
				GCC_DYNAMIC_NO_PIC = NO;
				GCC_MODEL_TUNING = G5;
				GCC_OPTIMIZATION_LEVEL = 0;
				INSTALL_PATH = /usr/local/bin;
				OTHER_LDFLAGS = "-lz";
				PRODUCT_NAME = statistics;
				SDKROOT = "";
			};
			name = Debug;
		};
		1C05BA311174CF6C003585B2 /* Release */ = {
			isa = XCBuildConfiguration;
			buildSettings = {
				ALWAYS_SEARCH_USER_PATHS = NO;
				ARCHS = "$(ARCHS_STANDARD_64_BIT)";
				COPY_PHASE_STRIP = YES;
				DEBUG_INFORMATION_FORMAT = "dwarf-with-dsym";
				GCC_MODEL_TUNING = G5;
				INSTALL_PATH = /usr/local/bin;
				ONLY_ACTIVE_ARCH = YES;
				OTHER_LDFLAGS = "-lz";
				PRODUCT_NAME = statistics;
				SDKROOT = "";
				ZERO_LINK = NO;
			};
			name = Release;
		};
		1C475791102B78AE00AB74DB /* Debug */ = {
			isa = XCBuildConfiguration;
			buildSettings = {
				ALWAYS_SEARCH_USER_PATHS = NO;
				ARCHS = "$(ARCHS_STANDARD_64_BIT)";
				COPY_PHASE_STRIP = NO;
				GCC_DYNAMIC_NO_PIC = NO;
				GCC_MODEL_TUNING = G5;
				GCC_OPTIMIZATION_LEVEL = 0;
				INSTALL_PATH = /usr/local/bin;
				ONLY_ACTIVE_ARCH = YES;
				OTHER_LDFLAGS = (
					"-lz",
					"-lboost_iostreams-mt",
				);
				PRODUCT_NAME = score;
				SDKROOT = "";
			};
			name = Debug;
		};
		1C475792102B78AE00AB74DB /* Release */ = {
			isa = XCBuildConfiguration;
			buildSettings = {
				ALWAYS_SEARCH_USER_PATHS = NO;
				ARCHS = "$(ARCHS_STANDARD_64_BIT)";
				COPY_PHASE_STRIP = YES;
				DEBUG_INFORMATION_FORMAT = "dwarf-with-dsym";
				GCC_MODEL_TUNING = G5;
				INSTALL_PATH = /usr/local/bin;
				ONLY_ACTIVE_ARCH = YES;
				OTHER_LDFLAGS = (
					"-lz",
					"-lboost_iostreams-mt",
				);
				PRODUCT_NAME = score;
				SDKROOT = "";
				ZERO_LINK = NO;
			};
			name = Release;
		};
		1C4757C6102B7EAB00AB74DB /* Debug */ = {
			isa = XCBuildConfiguration;
			buildSettings = {
				ALWAYS_SEARCH_USER_PATHS = NO;
				ARCHS = "$(ARCHS_STANDARD_64_BIT)";
				COPY_PHASE_STRIP = NO;
				GCC_DYNAMIC_NO_PIC = NO;
				GCC_MODEL_TUNING = G5;
				GCC_OPTIMIZATION_LEVEL = 0;
				INSTALL_PATH = /usr/local/bin;
				OTHER_LDFLAGS = (
					"-lz",
					"-lboost_iostreams-mt",
				);
				PRODUCT_NAME = consolidate;
				SDKROOT = "";
			};
			name = Debug;
		};
		1C4757C7102B7EAB00AB74DB /* Release */ = {
			isa = XCBuildConfiguration;
			buildSettings = {
				ALWAYS_SEARCH_USER_PATHS = NO;
				ARCHS = "$(ARCHS_STANDARD_64_BIT)";
				COPY_PHASE_STRIP = YES;
				DEBUG_INFORMATION_FORMAT = "dwarf-with-dsym";
				GCC_MODEL_TUNING = G5;
				INSTALL_PATH = /usr/local/bin;
				ONLY_ACTIVE_ARCH = YES;
				OTHER_LDFLAGS = (
					"-lz",
					"-lboost_iostreams-mt",
				);
				PRODUCT_NAME = consolidate;
				SDKROOT = "";
				ZERO_LINK = NO;
			};
			name = Release;
		};
		1CF9F71C108C9FE800EABCE5 /* Debug */ = {
			isa = XCBuildConfiguration;
			buildSettings = {
				ALWAYS_SEARCH_USER_PATHS = NO;
				ARCHS = "$(ARCHS_STANDARD_64_BIT)";
				COPY_PHASE_STRIP = NO;
				GCC_DYNAMIC_NO_PIC = NO;
				GCC_MODEL_TUNING = G5;
				GCC_OPTIMIZATION_LEVEL = 0;
				INSTALL_PATH = /usr/local/bin;
				OTHER_LDFLAGS = (
					"-lz",
					"-lboost_iostreams-mt",
				);
				PRODUCT_NAME = "consolidate-direct";
				SDKROOT = "";
			};
			name = Debug;
		};
		1CF9F71D108C9FE800EABCE5 /* Release */ = {
			isa = XCBuildConfiguration;
			buildSettings = {
				ALWAYS_SEARCH_USER_PATHS = NO;
				ARCHS = "$(ARCHS_STANDARD_64_BIT)";
				COPY_PHASE_STRIP = YES;
				DEBUG_INFORMATION_FORMAT = "dwarf-with-dsym";
				GCC_MODEL_TUNING = G5;
				INSTALL_PATH = /usr/local/bin;
				ONLY_ACTIVE_ARCH = YES;
				OTHER_LDFLAGS = (
					"-lz",
					"-lboost_iostreams-mt",
				);
				PRODUCT_NAME = "consolidate-direct";
				SDKROOT = "";
				ZERO_LINK = NO;
			};
			name = Release;
		};
		1DEB923208733DC60010E9CD /* Debug */ = {
			isa = XCBuildConfiguration;
			buildSettings = {
				ALWAYS_SEARCH_USER_PATHS = NO;
				ARCHS = "$(ARCHS_STANDARD_64_BIT)";
				COPY_PHASE_STRIP = NO;
				GCC_DYNAMIC_NO_PIC = NO;
				GCC_MODEL_TUNING = G5;
				GCC_OPTIMIZATION_LEVEL = 0;
				GCC_PREPROCESSOR_DEFINITIONS = (
					"_GLIBCXX_DEBUG=1",
					"_GLIBCXX_DEBUG_PEDANTIC=1",
				);
				INSTALL_PATH = /usr/local/bin;
				OTHER_LDFLAGS = (
					"-lz",
					"-lboost_iostreams-mt",
				);
				PRODUCT_NAME = extract;
				SDKROOT = "";
			};
			name = Debug;
		};
		1DEB923308733DC60010E9CD /* Release */ = {
			isa = XCBuildConfiguration;
			buildSettings = {
				ALWAYS_SEARCH_USER_PATHS = NO;
				ARCHS = "$(ARCHS_STANDARD_64_BIT)";
				DEBUG_INFORMATION_FORMAT = "dwarf-with-dsym";
				GCC_MODEL_TUNING = G5;
				INSTALL_PATH = /usr/local/bin;
				ONLY_ACTIVE_ARCH = YES;
				OTHER_LDFLAGS = (
					"-lz",
					"-lboost_iostreams-mt",
				);
				PRODUCT_NAME = extract;
				SDKROOT = "";
			};
			name = Release;
		};
		1DEB923608733DC60010E9CD /* Debug */ = {
			isa = XCBuildConfiguration;
			buildSettings = {
				ARCHS = "$(ARCHS_STANDARD_32_64_BIT)";
				GCC_C_LANGUAGE_STANDARD = c99;
				GCC_OPTIMIZATION_LEVEL = 0;
				GCC_WARN_ABOUT_RETURN_TYPE = YES;
				GCC_WARN_UNUSED_VARIABLE = YES;
				HEADER_SEARCH_PATHS = (
					/opt/local/include,
					../,
				);
				LIBRARY_SEARCH_PATHS = /opt/local/lib;
				ONLY_ACTIVE_ARCH = YES;
				SDKROOT = macosx;
			};
			name = Debug;
		};
		1DEB923708733DC60010E9CD /* Release */ = {
			isa = XCBuildConfiguration;
			buildSettings = {
				ARCHS = "$(ARCHS_STANDARD_32_64_BIT)";
				GCC_C_LANGUAGE_STANDARD = c99;
				GCC_WARN_ABOUT_RETURN_TYPE = YES;
				GCC_WARN_UNUSED_VARIABLE = YES;
				HEADER_SEARCH_PATHS = (
					/opt/local/include,
					../,
				);
				LIBRARY_SEARCH_PATHS = /opt/local/lib;
				ONLY_ACTIVE_ARCH = YES;
				SDKROOT = macosx;
			};
			name = Release;
		};
/* End XCBuildConfiguration section */

/* Begin XCConfigurationList section */
		1C05BA151174CE58003585B2 /* Build configuration list for PBXNativeTarget "extract-rules" */ = {
			isa = XCConfigurationList;
			buildConfigurations = (
				1C05B9F91174CE52003585B2 /* Debug */,
				1C05B9FA1174CE52003585B2 /* Release */,
			);
			defaultConfigurationIsVisible = 0;
			defaultConfigurationName = Release;
		};
		1C05BA561174CFB7003585B2 /* Build configuration list for PBXNativeTarget "statistics" */ = {
			isa = XCConfigurationList;
			buildConfigurations = (
				1C05BA301174CF6C003585B2 /* Debug */,
				1C05BA311174CF6C003585B2 /* Release */,
			);
			defaultConfigurationIsVisible = 0;
			defaultConfigurationName = Release;
		};
		1C475796102B78DD00AB74DB /* Build configuration list for PBXNativeTarget "score" */ = {
			isa = XCConfigurationList;
			buildConfigurations = (
				1C475791102B78AE00AB74DB /* Debug */,
				1C475792102B78AE00AB74DB /* Release */,
			);
			defaultConfigurationIsVisible = 0;
			defaultConfigurationName = Release;
		};
		1C4757CB102B7EC600AB74DB /* Build configuration list for PBXNativeTarget "consolidate" */ = {
			isa = XCConfigurationList;
			buildConfigurations = (
				1C4757C6102B7EAB00AB74DB /* Debug */,
				1C4757C7102B7EAB00AB74DB /* Release */,
			);
			defaultConfigurationIsVisible = 0;
			defaultConfigurationName = Release;
		};
		1CF9F729108CA01F00EABCE5 /* Build configuration list for PBXNativeTarget "consolidate-direct" */ = {
			isa = XCConfigurationList;
			buildConfigurations = (
				1CF9F71C108C9FE800EABCE5 /* Debug */,
				1CF9F71D108C9FE800EABCE5 /* Release */,
			);
			defaultConfigurationIsVisible = 0;
			defaultConfigurationName = Release;
		};
		1DEB923108733DC60010E9CD /* Build configuration list for PBXNativeTarget "extract" */ = {
			isa = XCConfigurationList;
			buildConfigurations = (
				1DEB923208733DC60010E9CD /* Debug */,
				1DEB923308733DC60010E9CD /* Release */,
			);
			defaultConfigurationIsVisible = 0;
			defaultConfigurationName = Release;
		};
		1DEB923508733DC60010E9CD /* Build configuration list for PBXProject "extract" */ = {
			isa = XCConfigurationList;
			buildConfigurations = (
				1DEB923608733DC60010E9CD /* Debug */,
				1DEB923708733DC60010E9CD /* Release */,
			);
			defaultConfigurationIsVisible = 0;
			defaultConfigurationName = Release;
		};
/* End XCConfigurationList section */
	};
	rootObject = 08FB7793FE84155DC02AAC07 /* Project object */;
}
