
Microsoft Visual Studio Solution File, Format Version 11.00
# Visual C++ Express 2010
Project("{8BC9CEB8-8B4A-11D0-8D11-00A0C91BC942}") = "score", "score.vcxproj", "{34AC84C7-62A1-4BBE-BCA9-4E95B2341039}"
EndProject
Project("{8BC9CEB8-8B4A-11D0-8D11-00A0C91BC942}") = "extract", "extract.vcxproj", "{2475F8E8-A5C9-4785-8B09-5F4E120FC518}"
EndProject
Project("{8BC9CEB8-8B4A-11D0-8D11-00A0C91BC942}") = "symal", "..\symal\symal.vcxproj", "{6716FB26-8298-47A3-A915-958AF0AC80F8}"
EndProject
Project("{8BC9CEB8-8B4A-11D0-8D11-00A0C91BC942}") = "extract-rules", "extract-rules.vcxproj", "{3C5CFAEC-6830-4491-9008-1C9E8C381C50}"
EndProject
Project("{8BC9CEB8-8B4A-11D0-8D11-00A0C91BC942}") = "consolidate", "consolidate.vcxproj", "{45410EFE-65C0-4078-82E4-D636258F9225}"
EndProject
Project("{8BC9CEB8-8B4A-11D0-8D11-00A0C91BC942}") = "consolidate-direct", "consolidate-direct.vcxproj", "{33775109-60CF-4C1C-A869-5450B3DD88B3}"
EndProject
Project("{8BC9CEB8-8B4A-11D0-8D11-00A0C91BC942}") = "extract-lex", "extract-lex.vcxproj", "{808BF985-CA18-4E55-8AAC-70E04DC25117}"
EndProject
Global
	GlobalSection(SolutionConfigurationPlatforms) = preSolution
		Debug|Win32 = Debug|Win32
		Release|Win32 = Release|Win32
	EndGlobalSection
	GlobalSection(ProjectConfigurationPlatforms) = postSolution
		{34AC84C7-62A1-4BBE-BCA9-4E95B2341039}.Debug|Win32.ActiveCfg = Debug|Win32
		{34AC84C7-62A1-4BBE-BCA9-4E95B2341039}.Debug|Win32.Build.0 = Debug|Win32
		{34AC84C7-62A1-4BBE-BCA9-4E95B2341039}.Release|Win32.ActiveCfg = Release|Win32
		{34AC84C7-62A1-4BBE-BCA9-4E95B2341039}.Release|Win32.Build.0 = Release|Win32
		{2475F8E8-A5C9-4785-8B09-5F4E120FC518}.Debug|Win32.ActiveCfg = Debug|Win32
		{2475F8E8-A5C9-4785-8B09-5F4E120FC518}.Debug|Win32.Build.0 = Debug|Win32
		{2475F8E8-A5C9-4785-8B09-5F4E120FC518}.Release|Win32.ActiveCfg = Release|Win32
		{2475F8E8-A5C9-4785-8B09-5F4E120FC518}.Release|Win32.Build.0 = Release|Win32
		{6716FB26-8298-47A3-A915-958AF0AC80F8}.Debug|Win32.ActiveCfg = Debug|Win32
		{6716FB26-8298-47A3-A915-958AF0AC80F8}.Debug|Win32.Build.0 = Debug|Win32
		{6716FB26-8298-47A3-A915-958AF0AC80F8}.Release|Win32.ActiveCfg = Release|Win32
		{6716FB26-8298-47A3-A915-958AF0AC80F8}.Release|Win32.Build.0 = Release|Win32
		{3C5CFAEC-6830-4491-9008-1C9E8C381C50}.Debug|Win32.ActiveCfg = Debug|Win32
		{3C5CFAEC-6830-4491-9008-1C9E8C381C50}.Debug|Win32.Build.0 = Debug|Win32
		{3C5CFAEC-6830-4491-9008-1C9E8C381C50}.Release|Win32.ActiveCfg = Release|Win32
		{3C5CFAEC-6830-4491-9008-1C9E8C381C50}.Release|Win32.Build.0 = Release|Win32
		{45410EFE-65C0-4078-82E4-D636258F9225}.Debug|Win32.ActiveCfg = Debug|Win32
		{45410EFE-65C0-4078-82E4-D636258F9225}.Debug|Win32.Build.0 = Debug|Win32
		{45410EFE-65C0-4078-82E4-D636258F9225}.Release|Win32.ActiveCfg = Release|Win32
		{45410EFE-65C0-4078-82E4-D636258F9225}.Release|Win32.Build.0 = Release|Win32
		{33775109-60CF-4C1C-A869-5450B3DD88B3}.Debug|Win32.ActiveCfg = Debug|Win32
		{33775109-60CF-4C1C-A869-5450B3DD88B3}.Debug|Win32.Build.0 = Debug|Win32
		{33775109-60CF-4C1C-A869-5450B3DD88B3}.Release|Win32.ActiveCfg = Release|Win32
		{33775109-60CF-4C1C-A869-5450B3DD88B3}.Release|Win32.Build.0 = Release|Win32
		{808BF985-CA18-4E55-8AAC-70E04DC25117}.Debug|Win32.ActiveCfg = Debug|Win32
		{808BF985-CA18-4E55-8AAC-70E04DC25117}.Debug|Win32.Build.0 = Debug|Win32
		{808BF985-CA18-4E55-8AAC-70E04DC25117}.Release|Win32.ActiveCfg = Release|Win32
		{808BF985-CA18-4E55-8AAC-70E04DC25117}.Release|Win32.Build.0 = Release|Win32
	EndGlobalSection
	GlobalSection(SolutionProperties) = preSolution
		HideSolutionNode = FALSE
	EndGlobalSection
EndGlobal
